
Microsoft Visual Studio Solution File, Format Version 12.00
# Visual Studio Version 17
VisualStudioVersion = 17.3.32819.101
MinimumVisualStudioVersion = 10.0.40219.1
Project("{FAE04EC0-301F-11D3-BF4B-00C04F79EFBC}") = "ProductManagement", "ProductManagement.csproj", "{F829B2AF-E0B9-4844-9C82-D9CF2A43935E}"
EndProject
Global
	GlobalSection(SolutionConfigurationPlatforms) = preSolution
		Debug|Any CPU = Debug|Any CPU
		Release|Any CPU = Release|Any CPU
	EndGlobalSection
	GlobalSection(ProjectConfigurationPlatforms) = postSolution
		{F829B2AF-E0B9-4844-9C82-D9CF2A43935E}.Debug|Any CPU.ActiveCfg = Debug|Any CPU
		{F829B2AF-E0B9-4844-9C82-D9CF2A43935E}.Debug|Any CPU.Build.0 = Debug|Any CPU
		{F829B2AF-E0B9-4844-9C82-D9CF2A43935E}.Release|Any CPU.ActiveCfg = Release|Any CPU
		{F829B2AF-E0B9-4844-9C82-D9CF2A43935E}.Release|Any CPU.Build.0 = Release|Any CPU
	EndGlobalSection
	GlobalSection(SolutionProperties) = preSolution
		HideSolutionNode = FALSE
	EndGlobalSection
	GlobalSection(ExtensibilityGlobals) = postSolution
		SolutionGuid = {8567F1C2-5C7C-46A2-9F7C-C75A965CF36C}
	EndGlobalSection
EndGlobal
